
Microsoft Visual Studio Solution File, Format Version 12.00
# Visual Studio Version 16
VisualStudioVersion = 16.0.29424.173
MinimumVisualStudioVersion = 10.0.40219.1
Project("{FAE04EC0-301F-11D3-BF4B-00C04F79EFBC}") = "Weikio.ApiFramework.Plugins.Files", "Weikio.ApiFramework.Plugins.Files\Weikio.ApiFramework.Plugins.Files.csproj", "{8F76296B-85BB-4658-AE93-9C3B8BBD5948}"
EndProject
Project("{2150E333-8FDC-42A3-9474-1A3956D46DE8}") = "Samples", "Samples", "{E2252110-72B3-4DA0-B725-111A183615FE}"
EndProject
Project("{FAE04EC0-301F-11D3-BF4B-00C04F79EFBC}") = "ApiFramework.Plugins.Files.Sample", "..\samples\ApiFramework.Plugins.Files.Sample\ApiFramework.Plugins.Files.Sample.csproj", "{D221CBB0-65A0-4827-A950-63BFF8AB7E2F}"
EndProject
Global
	GlobalSection(SolutionConfigurationPlatforms) = preSolution
		Debug|Any CPU = Debug|Any CPU
		Release|Any CPU = Release|Any CPU
	EndGlobalSection
	GlobalSection(ProjectConfigurationPlatforms) = postSolution
		{8F76296B-85BB-4658-AE93-9C3B8BBD5948}.Debug|Any CPU.ActiveCfg = Debug|Any CPU
		{8F76296B-85BB-4658-AE93-9C3B8BBD5948}.Debug|Any CPU.Build.0 = Debug|Any CPU
		{8F76296B-85BB-4658-AE93-9C3B8BBD5948}.Release|Any CPU.ActiveCfg = Release|Any CPU
		{8F76296B-85BB-4658-AE93-9C3B8BBD5948}.Release|Any CPU.Build.0 = Release|Any CPU
		{D221CBB0-65A0-4827-A950-63BFF8AB7E2F}.Debug|Any CPU.ActiveCfg = Debug|Any CPU
		{D221CBB0-65A0-4827-A950-63BFF8AB7E2F}.Debug|Any CPU.Build.0 = Debug|Any CPU
		{D221CBB0-65A0-4827-A950-63BFF8AB7E2F}.Release|Any CPU.ActiveCfg = Release|Any CPU
		{D221CBB0-65A0-4827-A950-63BFF8AB7E2F}.Release|Any CPU.Build.0 = Release|Any CPU
	EndGlobalSection
	GlobalSection(SolutionProperties) = preSolution
		HideSolutionNode = FALSE
	EndGlobalSection
	GlobalSection(ExtensibilityGlobals) = postSolution
		SolutionGuid = {FA2E03CA-A4C3-43B1-9209-63B82CEEB4AA}
	EndGlobalSection
	GlobalSection(NestedProjects) = preSolution
		{D221CBB0-65A0-4827-A950-63BFF8AB7E2F} = {E2252110-72B3-4DA0-B725-111A183615FE}
	EndGlobalSection
EndGlobal
